// !$*UTF8*$!
{
	archiveVersion = 1;
	classes = {
	};
	objectVersion = 56;
	objects = {

/* Begin PBXBuildFile section */
		388E6795B6E012C38286C5A0 /* Pods_Eventos_TI_Eventos_TIUITests.framework in Frameworks */ = {isa = PBXBuildFile; fileRef = 9D32052FCBDC57E79B7901D6 /* Pods_Eventos_TI_Eventos_TIUITests.framework */; };
		466C336DF16DE9953A025BFF /* Pods_Eventos_TI.framework in Frameworks */ = {isa = PBXBuildFile; fileRef = 68FE87CB70E09DD211F1E060 /* Pods_Eventos_TI.framework */; };
		5EDA0C7B33779181AAEE5165 /* Pods_Eventos_TITests.framework in Frameworks */ = {isa = PBXBuildFile; fileRef = 2E467EFDF7815D3D09CF396C /* Pods_Eventos_TITests.framework */; };
		D2167D5E2BFD842A0048CE43 /* TableViewCell.swift in Sources */ = {isa = PBXBuildFile; fileRef = D2167D5C2BFD842A0048CE43 /* TableViewCell.swift */; };
		D2167D5F2BFD842A0048CE43 /* TableViewCell.xib in Resources */ = {isa = PBXBuildFile; fileRef = D2167D5D2BFD842A0048CE43 /* TableViewCell.xib */; };
		D2167D622BFD8A5C0048CE43 /* EventoViewModel.swift in Sources */ = {isa = PBXBuildFile; fileRef = D2167D612BFD8A5C0048CE43 /* EventoViewModel.swift */; };
		D2167D652BFD8AC90048CE43 /* EventoDelegate.swift in Sources */ = {isa = PBXBuildFile; fileRef = D2167D642BFD8AC90048CE43 /* EventoDelegate.swift */; };
		D2167D682BFD8C080048CE43 /* EventoRepository.swift in Sources */ = {isa = PBXBuildFile; fileRef = D2167D672BFD8C080048CE43 /* EventoRepository.swift */; };
		D2167D6C2BFD8D970048CE43 /* EventoResponse.swift in Sources */ = {isa = PBXBuildFile; fileRef = D2167D6B2BFD8D970048CE43 /* EventoResponse.swift */; };
		D2167D6F2BFD8E330048CE43 /* EventoService.swift in Sources */ = {isa = PBXBuildFile; fileRef = D2167D6E2BFD8E330048CE43 /* EventoService.swift */; };
		D2167D712BFD90E10048CE43 /* Resource.swift in Sources */ = {isa = PBXBuildFile; fileRef = D2167D702BFD90E10048CE43 /* Resource.swift */; };
		D2167D742BFD9E9F0048CE43 /* DateConverter.swift in Sources */ = {isa = PBXBuildFile; fileRef = D2167D732BFD9E9F0048CE43 /* DateConverter.swift */; };
		D2167D792BFDAB540048CE43 /* Localizable.strings in Resources */ = {isa = PBXBuildFile; fileRef = D2167D772BFDAB540048CE43 /* Localizable.strings */; };
		D229704F2BEC7AB60066A7DB /* EventoDao.swift in Sources */ = {isa = PBXBuildFile; fileRef = D229704E2BEC7AB60066A7DB /* EventoDao.swift */; };
		D26AA4822BFEED1C00C53A33 /* BaseViewController.swift in Sources */ = {isa = PBXBuildFile; fileRef = D26AA4812BFEED1C00C53A33 /* BaseViewController.swift */; };
		D26D6DA92BEB408A007448A4 /* ListaEventosViewController.swift in Sources */ = {isa = PBXBuildFile; fileRef = D26D6DA72BEB408A007448A4 /* ListaEventosViewController.swift */; };
		D26D6DAA2BEB408A007448A4 /* ListaEventosViewController.xib in Resources */ = {isa = PBXBuildFile; fileRef = D26D6DA82BEB408A007448A4 /* ListaEventosViewController.xib */; };
		D26D6DAD2BEB414A007448A4 /* UIActivityIndicatorViewExtension.swift in Sources */ = {isa = PBXBuildFile; fileRef = D26D6DAC2BEB414A007448A4 /* UIActivityIndicatorViewExtension.swift */; };
		D26FFAE92BE9EBB300C68661 /* Evento.swift in Sources */ = {isa = PBXBuildFile; fileRef = D26FFAE82BE9EBB300C68661 /* Evento.swift */; };
		D28040A32C704F4E00D0CE32 /* SobreViewController.swift in Sources */ = {isa = PBXBuildFile; fileRef = D28040A12C704F4E00D0CE32 /* SobreViewController.swift */; };
		D28040A42C704F4E00D0CE32 /* SobreViewController.xib in Resources */ = {isa = PBXBuildFile; fileRef = D28040A22C704F4E00D0CE32 /* SobreViewController.xib */; };
		D2918D212C6DB04200718B4A /* UISearchBarExtension.swift in Sources */ = {isa = PBXBuildFile; fileRef = D2918D202C6DB04200718B4A /* UISearchBarExtension.swift */; };
		D297DF422D2F012A0069B508 /* TipoEvento.swift in Sources */ = {isa = PBXBuildFile; fileRef = D297DF412D2F012A0069B508 /* TipoEvento.swift */; };
		D2A7DECA2AF343930083E7F8 /* AppDelegate.swift in Sources */ = {isa = PBXBuildFile; fileRef = D2A7DEC92AF343930083E7F8 /* AppDelegate.swift */; };
		D2A7DECC2AF343930083E7F8 /* SceneDelegate.swift in Sources */ = {isa = PBXBuildFile; fileRef = D2A7DECB2AF343930083E7F8 /* SceneDelegate.swift */; };
		D2A7DECE2AF343930083E7F8 /* ViewController.swift in Sources */ = {isa = PBXBuildFile; fileRef = D2A7DECD2AF343930083E7F8 /* ViewController.swift */; };
		D2A7DED12AF343930083E7F8 /* Main.storyboard in Resources */ = {isa = PBXBuildFile; fileRef = D2A7DECF2AF343930083E7F8 /* Main.storyboard */; };
		D2A7DED42AF343930083E7F8 /* Eventos_TI.xcdatamodeld in Sources */ = {isa = PBXBuildFile; fileRef = D2A7DED22AF343930083E7F8 /* Eventos_TI.xcdatamodeld */; };
		D2A7DED62AF343930083E7F8 /* Assets.xcassets in Resources */ = {isa = PBXBuildFile; fileRef = D2A7DED52AF343930083E7F8 /* Assets.xcassets */; };
		D2A7DED92AF343930083E7F8 /* LaunchScreen.storyboard in Resources */ = {isa = PBXBuildFile; fileRef = D2A7DED72AF343930083E7F8 /* LaunchScreen.storyboard */; };
		D2A7DEE42AF343940083E7F8 /* Eventos_TITests.swift in Sources */ = {isa = PBXBuildFile; fileRef = D2A7DEE32AF343940083E7F8 /* Eventos_TITests.swift */; };
		D2A7DEEE2AF343940083E7F8 /* Eventos_TIUITests.swift in Sources */ = {isa = PBXBuildFile; fileRef = D2A7DEED2AF343940083E7F8 /* Eventos_TIUITests.swift */; };
		D2A7DEF02AF343940083E7F8 /* Eventos_TIUITestsLaunchTests.swift in Sources */ = {isa = PBXBuildFile; fileRef = D2A7DEEF2AF343940083E7F8 /* Eventos_TIUITestsLaunchTests.swift */; };
		D2BB09202BECA70B009E1395 /* CoreDataManager.swift in Sources */ = {isa = PBXBuildFile; fileRef = D2BB091F2BECA70B009E1395 /* CoreDataManager.swift */; };
		D2E90ABC2C0581D300673F58 /* ApiUrls.swift in Sources */ = {isa = PBXBuildFile; fileRef = D2E90ABB2C0581D300673F58 /* ApiUrls.swift */; };
		D2E90ABF2C0586B400673F58 /* DetalhesEventoViewController.swift in Sources */ = {isa = PBXBuildFile; fileRef = D2E90ABD2C0586B400673F58 /* DetalhesEventoViewController.swift */; };
		D2E90AC02C0586B400673F58 /* DetalhesEventoViewController.xib in Resources */ = {isa = PBXBuildFile; fileRef = D2E90ABE2C0586B400673F58 /* DetalhesEventoViewController.xib */; };
		D2FBA3A12C60727D00F742F0 /* UIViewExtension.swift in Sources */ = {isa = PBXBuildFile; fileRef = D2FBA3A02C60727D00F742F0 /* UIViewExtension.swift */; };
/* End PBXBuildFile section */

/* Begin PBXContainerItemProxy section */
		D2A7DEE02AF343940083E7F8 /* PBXContainerItemProxy */ = {
			isa = PBXContainerItemProxy;
			containerPortal = D2A7DEBE2AF343920083E7F8 /* Project object */;
			proxyType = 1;
			remoteGlobalIDString = D2A7DEC52AF343930083E7F8;
			remoteInfo = "Eventos TI";
		};
		D2A7DEEA2AF343940083E7F8 /* PBXContainerItemProxy */ = {
			isa = PBXContainerItemProxy;
			containerPortal = D2A7DEBE2AF343920083E7F8 /* Project object */;
			proxyType = 1;
			remoteGlobalIDString = D2A7DEC52AF343930083E7F8;
			remoteInfo = "Eventos TI";
		};
/* End PBXContainerItemProxy section */

/* Begin PBXFileReference section */
		2CF93956339809DABD6E3B09 /* Pods-Eventos TI.debug.xcconfig */ = {isa = PBXFileReference; includeInIndex = 1; lastKnownFileType = text.xcconfig; name = "Pods-Eventos TI.debug.xcconfig"; path = "Target Support Files/Pods-Eventos TI/Pods-Eventos TI.debug.xcconfig"; sourceTree = "<group>"; };
		2E467EFDF7815D3D09CF396C /* Pods_Eventos_TITests.framework */ = {isa = PBXFileReference; explicitFileType = wrapper.framework; includeInIndex = 0; path = Pods_Eventos_TITests.framework; sourceTree = BUILT_PRODUCTS_DIR; };
		46C468EEC53AAA63D04635C7 /* Pods-Eventos TI-Eventos TIUITests.release.xcconfig */ = {isa = PBXFileReference; includeInIndex = 1; lastKnownFileType = text.xcconfig; name = "Pods-Eventos TI-Eventos TIUITests.release.xcconfig"; path = "Target Support Files/Pods-Eventos TI-Eventos TIUITests/Pods-Eventos TI-Eventos TIUITests.release.xcconfig"; sourceTree = "<group>"; };
		68FE87CB70E09DD211F1E060 /* Pods_Eventos_TI.framework */ = {isa = PBXFileReference; explicitFileType = wrapper.framework; includeInIndex = 0; path = Pods_Eventos_TI.framework; sourceTree = BUILT_PRODUCTS_DIR; };
		997D56A0FD618EE6FB5FFB10 /* Pods-Eventos TITests.debug.xcconfig */ = {isa = PBXFileReference; includeInIndex = 1; lastKnownFileType = text.xcconfig; name = "Pods-Eventos TITests.debug.xcconfig"; path = "Target Support Files/Pods-Eventos TITests/Pods-Eventos TITests.debug.xcconfig"; sourceTree = "<group>"; };
		9D32052FCBDC57E79B7901D6 /* Pods_Eventos_TI_Eventos_TIUITests.framework */ = {isa = PBXFileReference; explicitFileType = wrapper.framework; includeInIndex = 0; path = Pods_Eventos_TI_Eventos_TIUITests.framework; sourceTree = BUILT_PRODUCTS_DIR; };
		A50443E5FDF20AF25334F328 /* Pods-Eventos TI-Eventos TIUITests.debug.xcconfig */ = {isa = PBXFileReference; includeInIndex = 1; lastKnownFileType = text.xcconfig; name = "Pods-Eventos TI-Eventos TIUITests.debug.xcconfig"; path = "Target Support Files/Pods-Eventos TI-Eventos TIUITests/Pods-Eventos TI-Eventos TIUITests.debug.xcconfig"; sourceTree = "<group>"; };
		C75AF84B67E1481B8CF9A3C3 /* Pods-Eventos TITests.release.xcconfig */ = {isa = PBXFileReference; includeInIndex = 1; lastKnownFileType = text.xcconfig; name = "Pods-Eventos TITests.release.xcconfig"; path = "Target Support Files/Pods-Eventos TITests/Pods-Eventos TITests.release.xcconfig"; sourceTree = "<group>"; };
		D2167D5C2BFD842A0048CE43 /* TableViewCell.swift */ = {isa = PBXFileReference; lastKnownFileType = sourcecode.swift; path = TableViewCell.swift; sourceTree = "<group>"; };
		D2167D5D2BFD842A0048CE43 /* TableViewCell.xib */ = {isa = PBXFileReference; lastKnownFileType = file.xib; path = TableViewCell.xib; sourceTree = "<group>"; };
		D2167D612BFD8A5C0048CE43 /* EventoViewModel.swift */ = {isa = PBXFileReference; lastKnownFileType = sourcecode.swift; path = EventoViewModel.swift; sourceTree = "<group>"; };
		D2167D642BFD8AC90048CE43 /* EventoDelegate.swift */ = {isa = PBXFileReference; lastKnownFileType = sourcecode.swift; path = EventoDelegate.swift; sourceTree = "<group>"; };
		D2167D672BFD8C080048CE43 /* EventoRepository.swift */ = {isa = PBXFileReference; lastKnownFileType = sourcecode.swift; path = EventoRepository.swift; sourceTree = "<group>"; };
		D2167D6B2BFD8D970048CE43 /* EventoResponse.swift */ = {isa = PBXFileReference; lastKnownFileType = sourcecode.swift; path = EventoResponse.swift; sourceTree = "<group>"; };
		D2167D6E2BFD8E330048CE43 /* EventoService.swift */ = {isa = PBXFileReference; lastKnownFileType = sourcecode.swift; path = EventoService.swift; sourceTree = "<group>"; };
		D2167D702BFD90E10048CE43 /* Resource.swift */ = {isa = PBXFileReference; lastKnownFileType = sourcecode.swift; path = Resource.swift; sourceTree = "<group>"; };
		D2167D732BFD9E9F0048CE43 /* DateConverter.swift */ = {isa = PBXFileReference; lastKnownFileType = sourcecode.swift; path = DateConverter.swift; sourceTree = "<group>"; };
		D2167D782BFDAB540048CE43 /* en */ = {isa = PBXFileReference; lastKnownFileType = text.plist.strings; name = en; path = en.lproj/Localizable.strings; sourceTree = "<group>"; };
		D2167D7A2BFDAB6F0048CE43 /* pt-BR */ = {isa = PBXFileReference; lastKnownFileType = text.plist.strings; name = "pt-BR"; path = "pt-BR.lproj/Localizable.strings"; sourceTree = "<group>"; };
		D229704E2BEC7AB60066A7DB /* EventoDao.swift */ = {isa = PBXFileReference; lastKnownFileType = sourcecode.swift; path = EventoDao.swift; sourceTree = "<group>"; };
		D26AA4812BFEED1C00C53A33 /* BaseViewController.swift */ = {isa = PBXFileReference; lastKnownFileType = sourcecode.swift; path = BaseViewController.swift; sourceTree = "<group>"; };
		D26D6DA72BEB408A007448A4 /* ListaEventosViewController.swift */ = {isa = PBXFileReference; lastKnownFileType = sourcecode.swift; path = ListaEventosViewController.swift; sourceTree = "<group>"; };
		D26D6DA82BEB408A007448A4 /* ListaEventosViewController.xib */ = {isa = PBXFileReference; lastKnownFileType = file.xib; path = ListaEventosViewController.xib; sourceTree = "<group>"; };
		D26D6DAC2BEB414A007448A4 /* UIActivityIndicatorViewExtension.swift */ = {isa = PBXFileReference; lastKnownFileType = sourcecode.swift; path = UIActivityIndicatorViewExtension.swift; sourceTree = "<group>"; };
		D26FFAE82BE9EBB300C68661 /* Evento.swift */ = {isa = PBXFileReference; lastKnownFileType = sourcecode.swift; path = Evento.swift; sourceTree = "<group>"; };
		D28040A12C704F4E00D0CE32 /* SobreViewController.swift */ = {isa = PBXFileReference; lastKnownFileType = sourcecode.swift; path = SobreViewController.swift; sourceTree = "<group>"; };
		D28040A22C704F4E00D0CE32 /* SobreViewController.xib */ = {isa = PBXFileReference; lastKnownFileType = file.xib; path = SobreViewController.xib; sourceTree = "<group>"; };
		D2918D202C6DB04200718B4A /* UISearchBarExtension.swift */ = {isa = PBXFileReference; lastKnownFileType = sourcecode.swift; path = UISearchBarExtension.swift; sourceTree = "<group>"; };
		D297DF412D2F012A0069B508 /* TipoEvento.swift */ = {isa = PBXFileReference; lastKnownFileType = sourcecode.swift; path = TipoEvento.swift; sourceTree = "<group>"; };
		D2A7DEC62AF343930083E7F8 /* Eventos TI.app */ = {isa = PBXFileReference; explicitFileType = wrapper.application; includeInIndex = 0; path = "Eventos TI.app"; sourceTree = BUILT_PRODUCTS_DIR; };
		D2A7DEC92AF343930083E7F8 /* AppDelegate.swift */ = {isa = PBXFileReference; lastKnownFileType = sourcecode.swift; path = AppDelegate.swift; sourceTree = "<group>"; };
		D2A7DECB2AF343930083E7F8 /* SceneDelegate.swift */ = {isa = PBXFileReference; lastKnownFileType = sourcecode.swift; path = SceneDelegate.swift; sourceTree = "<group>"; };
		D2A7DECD2AF343930083E7F8 /* ViewController.swift */ = {isa = PBXFileReference; lastKnownFileType = sourcecode.swift; path = ViewController.swift; sourceTree = "<group>"; };
		D2A7DED02AF343930083E7F8 /* Base */ = {isa = PBXFileReference; lastKnownFileType = file.storyboard; name = Base; path = Base.lproj/Main.storyboard; sourceTree = "<group>"; };
		D2A7DED32AF343930083E7F8 /* Eventos_TI.xcdatamodel */ = {isa = PBXFileReference; lastKnownFileType = wrapper.xcdatamodel; path = Eventos_TI.xcdatamodel; sourceTree = "<group>"; };
		D2A7DED52AF343930083E7F8 /* Assets.xcassets */ = {isa = PBXFileReference; lastKnownFileType = folder.assetcatalog; path = Assets.xcassets; sourceTree = "<group>"; };
		D2A7DED82AF343930083E7F8 /* Base */ = {isa = PBXFileReference; lastKnownFileType = file.storyboard; name = Base; path = Base.lproj/LaunchScreen.storyboard; sourceTree = "<group>"; };
		D2A7DEDA2AF343930083E7F8 /* Info.plist */ = {isa = PBXFileReference; lastKnownFileType = text.plist.xml; path = Info.plist; sourceTree = "<group>"; };
		D2A7DEDF2AF343940083E7F8 /* Eventos TITests.xctest */ = {isa = PBXFileReference; explicitFileType = wrapper.cfbundle; includeInIndex = 0; path = "Eventos TITests.xctest"; sourceTree = BUILT_PRODUCTS_DIR; };
		D2A7DEE32AF343940083E7F8 /* Eventos_TITests.swift */ = {isa = PBXFileReference; lastKnownFileType = sourcecode.swift; path = Eventos_TITests.swift; sourceTree = "<group>"; };
		D2A7DEE92AF343940083E7F8 /* Eventos TIUITests.xctest */ = {isa = PBXFileReference; explicitFileType = wrapper.cfbundle; includeInIndex = 0; path = "Eventos TIUITests.xctest"; sourceTree = BUILT_PRODUCTS_DIR; };
		D2A7DEED2AF343940083E7F8 /* Eventos_TIUITests.swift */ = {isa = PBXFileReference; lastKnownFileType = sourcecode.swift; path = Eventos_TIUITests.swift; sourceTree = "<group>"; };
		D2A7DEEF2AF343940083E7F8 /* Eventos_TIUITestsLaunchTests.swift */ = {isa = PBXFileReference; lastKnownFileType = sourcecode.swift; path = Eventos_TIUITestsLaunchTests.swift; sourceTree = "<group>"; };
		D2BB091F2BECA70B009E1395 /* CoreDataManager.swift */ = {isa = PBXFileReference; lastKnownFileType = sourcecode.swift; path = CoreDataManager.swift; sourceTree = "<group>"; };
		D2E90ABB2C0581D300673F58 /* ApiUrls.swift */ = {isa = PBXFileReference; lastKnownFileType = sourcecode.swift; path = ApiUrls.swift; sourceTree = "<group>"; };
		D2E90ABD2C0586B400673F58 /* DetalhesEventoViewController.swift */ = {isa = PBXFileReference; lastKnownFileType = sourcecode.swift; path = DetalhesEventoViewController.swift; sourceTree = "<group>"; };
		D2E90ABE2C0586B400673F58 /* DetalhesEventoViewController.xib */ = {isa = PBXFileReference; lastKnownFileType = file.xib; path = DetalhesEventoViewController.xib; sourceTree = "<group>"; };
		D2FBA3A02C60727D00F742F0 /* UIViewExtension.swift */ = {isa = PBXFileReference; lastKnownFileType = sourcecode.swift; path = UIViewExtension.swift; sourceTree = "<group>"; };
		F60C7B8B1479318CA46DB47C /* Pods-Eventos TI.release.xcconfig */ = {isa = PBXFileReference; includeInIndex = 1; lastKnownFileType = text.xcconfig; name = "Pods-Eventos TI.release.xcconfig"; path = "Target Support Files/Pods-Eventos TI/Pods-Eventos TI.release.xcconfig"; sourceTree = "<group>"; };
/* End PBXFileReference section */

/* Begin PBXFrameworksBuildPhase section */
		D2A7DEC32AF343930083E7F8 /* Frameworks */ = {
			isa = PBXFrameworksBuildPhase;
			buildActionMask = 2147483647;
			files = (
				466C336DF16DE9953A025BFF /* Pods_Eventos_TI.framework in Frameworks */,
			);
			runOnlyForDeploymentPostprocessing = 0;
		};
		D2A7DEDC2AF343940083E7F8 /* Frameworks */ = {
			isa = PBXFrameworksBuildPhase;
			buildActionMask = 2147483647;
			files = (
				5EDA0C7B33779181AAEE5165 /* Pods_Eventos_TITests.framework in Frameworks */,
			);
			runOnlyForDeploymentPostprocessing = 0;
		};
		D2A7DEE62AF343940083E7F8 /* Frameworks */ = {
			isa = PBXFrameworksBuildPhase;
			buildActionMask = 2147483647;
			files = (
				388E6795B6E012C38286C5A0 /* Pods_Eventos_TI_Eventos_TIUITests.framework in Frameworks */,
			);
			runOnlyForDeploymentPostprocessing = 0;
		};
/* End PBXFrameworksBuildPhase section */

/* Begin PBXGroup section */
		37FB46EAE7D6779B4E036C7B /* Frameworks */ = {
			isa = PBXGroup;
			children = (
				68FE87CB70E09DD211F1E060 /* Pods_Eventos_TI.framework */,
				9D32052FCBDC57E79B7901D6 /* Pods_Eventos_TI_Eventos_TIUITests.framework */,
				2E467EFDF7815D3D09CF396C /* Pods_Eventos_TITests.framework */,
			);
			name = Frameworks;
			sourceTree = "<group>";
		};
		A5B433E2F10D94706EE77E17 /* Pods */ = {
			isa = PBXGroup;
			children = (
				2CF93956339809DABD6E3B09 /* Pods-Eventos TI.debug.xcconfig */,
				F60C7B8B1479318CA46DB47C /* Pods-Eventos TI.release.xcconfig */,
				A50443E5FDF20AF25334F328 /* Pods-Eventos TI-Eventos TIUITests.debug.xcconfig */,
				46C468EEC53AAA63D04635C7 /* Pods-Eventos TI-Eventos TIUITests.release.xcconfig */,
				997D56A0FD618EE6FB5FFB10 /* Pods-Eventos TITests.debug.xcconfig */,
				C75AF84B67E1481B8CF9A3C3 /* Pods-Eventos TITests.release.xcconfig */,
			);
			path = Pods;
			sourceTree = "<group>";
		};
		D2167D5B2BFD84090048CE43 /* Cell */ = {
			isa = PBXGroup;
			children = (
				D2167D5C2BFD842A0048CE43 /* TableViewCell.swift */,
				D2167D5D2BFD842A0048CE43 /* TableViewCell.xib */,
			);
			path = Cell;
			sourceTree = "<group>";
		};
		D2167D602BFD8A400048CE43 /* ViewModel */ = {
			isa = PBXGroup;
			children = (
				D2167D612BFD8A5C0048CE43 /* EventoViewModel.swift */,
			);
			path = ViewModel;
			sourceTree = "<group>";
		};
		D2167D632BFD8AB50048CE43 /* Delegate */ = {
			isa = PBXGroup;
			children = (
				D2167D642BFD8AC90048CE43 /* EventoDelegate.swift */,
			);
			path = Delegate;
			sourceTree = "<group>";
		};
		D2167D662BFD8BF20048CE43 /* Repository */ = {
			isa = PBXGroup;
			children = (
				D2167D672BFD8C080048CE43 /* EventoRepository.swift */,
			);
			path = Repository;
			sourceTree = "<group>";
		};
		D2167D692BFD8D620048CE43 /* Network */ = {
			isa = PBXGroup;
			children = (
				D2E90ABB2C0581D300673F58 /* ApiUrls.swift */,
				D2167D702BFD90E10048CE43 /* Resource.swift */,
				D2167D6A2BFD8D6F0048CE43 /* Response */,
				D2167D6D2BFD8E1A0048CE43 /* Service */,
			);
			path = Network;
			sourceTree = "<group>";
		};
		D2167D6A2BFD8D6F0048CE43 /* Response */ = {
			isa = PBXGroup;
			children = (
				D2167D6B2BFD8D970048CE43 /* EventoResponse.swift */,
			);
			path = Response;
			sourceTree = "<group>";
		};
		D2167D6D2BFD8E1A0048CE43 /* Service */ = {
			isa = PBXGroup;
			children = (
				D2167D6E2BFD8E330048CE43 /* EventoService.swift */,
			);
			path = Service;
			sourceTree = "<group>";
		};
		D2167D722BFD9E860048CE43 /* Converter */ = {
			isa = PBXGroup;
			children = (
				D2167D732BFD9E9F0048CE43 /* DateConverter.swift */,
			);
			path = Converter;
			sourceTree = "<group>";
		};
		D229704C2BEC7A930066A7DB /* Database */ = {
			isa = PBXGroup;
			children = (
				D22970502BEC7D2F0066A7DB /* CoreData */,
				D229704D2BEC7A9E0066A7DB /* Dao */,
			);
			path = Database;
			sourceTree = "<group>";
		};
		D229704D2BEC7A9E0066A7DB /* Dao */ = {
			isa = PBXGroup;
			children = (
				D229704E2BEC7AB60066A7DB /* EventoDao.swift */,
			);
			path = Dao;
			sourceTree = "<group>";
		};
		D22970502BEC7D2F0066A7DB /* CoreData */ = {
			isa = PBXGroup;
			children = (
				D2BB091F2BECA70B009E1395 /* CoreDataManager.swift */,
				D2A7DED22AF343930083E7F8 /* Eventos_TI.xcdatamodeld */,
			);
			path = CoreData;
			sourceTree = "<group>";
		};
		D26D6DAB2BEB4138007448A4 /* Extension */ = {
			isa = PBXGroup;
			children = (
				D26D6DAC2BEB414A007448A4 /* UIActivityIndicatorViewExtension.swift */,
				D2918D202C6DB04200718B4A /* UISearchBarExtension.swift */,
				D2FBA3A02C60727D00F742F0 /* UIViewExtension.swift */,
			);
			path = Extension;
			sourceTree = "<group>";
		};
		D26FFAE72BE9EBA100C68661 /* Model */ = {
			isa = PBXGroup;
			children = (
				D26FFAE82BE9EBB300C68661 /* Evento.swift */,
				D297DF412D2F012A0069B508 /* TipoEvento.swift */,
			);
			path = Model;
			sourceTree = "<group>";
		};
		D2A7DEBD2AF343920083E7F8 = {
			isa = PBXGroup;
			children = (
				D2A7DEC82AF343930083E7F8 /* Eventos TI */,
				D2A7DEE22AF343940083E7F8 /* Eventos TITests */,
				D2A7DEEC2AF343940083E7F8 /* Eventos TIUITests */,
				D2A7DEC72AF343930083E7F8 /* Products */,
				A5B433E2F10D94706EE77E17 /* Pods */,
				37FB46EAE7D6779B4E036C7B /* Frameworks */,
			);
			sourceTree = "<group>";
		};
		D2A7DEC72AF343930083E7F8 /* Products */ = {
			isa = PBXGroup;
			children = (
				D2A7DEC62AF343930083E7F8 /* Eventos TI.app */,
				D2A7DEDF2AF343940083E7F8 /* Eventos TITests.xctest */,
				D2A7DEE92AF343940083E7F8 /* Eventos TIUITests.xctest */,
			);
			name = Products;
			sourceTree = "<group>";
		};
		D2A7DEC82AF343930083E7F8 /* Eventos TI */ = {
			isa = PBXGroup;
			children = (
				D2B152662AF4372E00D62F59 /* AppDelegate */,
				D2A7DED52AF343930083E7F8 /* Assets.xcassets */,
				D2B152672AF4374000D62F59 /* Controller */,
				D2167D722BFD9E860048CE43 /* Converter */,
				D229704C2BEC7A930066A7DB /* Database */,
				D2167D632BFD8AB50048CE43 /* Delegate */,
				D26D6DAB2BEB4138007448A4 /* Extension */,
				D2A7DEDA2AF343930083E7F8 /* Info.plist */,
				D2167D772BFDAB540048CE43 /* Localizable.strings */,
				D26FFAE72BE9EBA100C68661 /* Model */,
				D2167D692BFD8D620048CE43 /* Network */,
				D2167D662BFD8BF20048CE43 /* Repository */,
				D2B152682AF4374A00D62F59 /* View */,
				D2167D602BFD8A400048CE43 /* ViewModel */,
			);
			path = "Eventos TI";
			sourceTree = "<group>";
		};
		D2A7DEE22AF343940083E7F8 /* Eventos TITests */ = {
			isa = PBXGroup;
			children = (
				D2A7DEE32AF343940083E7F8 /* Eventos_TITests.swift */,
			);
			path = "Eventos TITests";
			sourceTree = "<group>";
		};
		D2A7DEEC2AF343940083E7F8 /* Eventos TIUITests */ = {
			isa = PBXGroup;
			children = (
				D2A7DEED2AF343940083E7F8 /* Eventos_TIUITests.swift */,
				D2A7DEEF2AF343940083E7F8 /* Eventos_TIUITestsLaunchTests.swift */,
			);
			path = "Eventos TIUITests";
			sourceTree = "<group>";
		};
		D2B152662AF4372E00D62F59 /* AppDelegate */ = {
			isa = PBXGroup;
			children = (
				D2A7DEC92AF343930083E7F8 /* AppDelegate.swift */,
				D2A7DECB2AF343930083E7F8 /* SceneDelegate.swift */,
			);
			path = AppDelegate;
			sourceTree = "<group>";
		};
		D2B152672AF4374000D62F59 /* Controller */ = {
			isa = PBXGroup;
			children = (
				D26AA4812BFEED1C00C53A33 /* BaseViewController.swift */,
				D2E90ABD2C0586B400673F58 /* DetalhesEventoViewController.swift */,
				D26D6DA72BEB408A007448A4 /* ListaEventosViewController.swift */,
				D28040A12C704F4E00D0CE32 /* SobreViewController.swift */,
				D2A7DECD2AF343930083E7F8 /* ViewController.swift */,
			);
			path = Controller;
			sourceTree = "<group>";
		};
		D2B152682AF4374A00D62F59 /* View */ = {
			isa = PBXGroup;
			children = (
				D2167D5B2BFD84090048CE43 /* Cell */,
				D2E90ABE2C0586B400673F58 /* DetalhesEventoViewController.xib */,
				D2A7DED72AF343930083E7F8 /* LaunchScreen.storyboard */,
				D26D6DA82BEB408A007448A4 /* ListaEventosViewController.xib */,
				D2A7DECF2AF343930083E7F8 /* Main.storyboard */,
				D28040A22C704F4E00D0CE32 /* SobreViewController.xib */,
			);
			path = View;
			sourceTree = "<group>";
		};
/* End PBXGroup section */

/* Begin PBXNativeTarget section */
		D2A7DEC52AF343930083E7F8 /* Eventos TI */ = {
			isa = PBXNativeTarget;
			buildConfigurationList = D2A7DEF32AF343940083E7F8 /* Build configuration list for PBXNativeTarget "Eventos TI" */;
			buildPhases = (
				012ED007AF87443C3128013F /* [CP] Check Pods Manifest.lock */,
				D2A7DEC22AF343930083E7F8 /* Sources */,
				D2A7DEC32AF343930083E7F8 /* Frameworks */,
				D2A7DEC42AF343930083E7F8 /* Resources */,
				FDD5D9841FE2F4B765A88F57 /* [CP] Embed Pods Frameworks */,
			);
			buildRules = (
			);
			dependencies = (
			);
			name = "Eventos TI";
			productName = "Eventos TI";
			productReference = D2A7DEC62AF343930083E7F8 /* Eventos TI.app */;
			productType = "com.apple.product-type.application";
		};
		D2A7DEDE2AF343940083E7F8 /* Eventos TITests */ = {
			isa = PBXNativeTarget;
			buildConfigurationList = D2A7DEF62AF343940083E7F8 /* Build configuration list for PBXNativeTarget "Eventos TITests" */;
			buildPhases = (
				1968B14C38CF9A4DFFCBBD15 /* [CP] Check Pods Manifest.lock */,
				D2A7DEDB2AF343940083E7F8 /* Sources */,
				D2A7DEDC2AF343940083E7F8 /* Frameworks */,
				D2A7DEDD2AF343940083E7F8 /* Resources */,
			);
			buildRules = (
			);
			dependencies = (
				D2A7DEE12AF343940083E7F8 /* PBXTargetDependency */,
			);
			name = "Eventos TITests";
			productName = "Eventos TITests";
			productReference = D2A7DEDF2AF343940083E7F8 /* Eventos TITests.xctest */;
			productType = "com.apple.product-type.bundle.unit-test";
		};
		D2A7DEE82AF343940083E7F8 /* Eventos TIUITests */ = {
			isa = PBXNativeTarget;
			buildConfigurationList = D2A7DEF92AF343940083E7F8 /* Build configuration list for PBXNativeTarget "Eventos TIUITests" */;
			buildPhases = (
				5C527FD6D20B56FD22B79F36 /* [CP] Check Pods Manifest.lock */,
				D2A7DEE52AF343940083E7F8 /* Sources */,
				D2A7DEE62AF343940083E7F8 /* Frameworks */,
				D2A7DEE72AF343940083E7F8 /* Resources */,
				B4EC8174D3E826E818C9C310 /* [CP] Embed Pods Frameworks */,
			);
			buildRules = (
			);
			dependencies = (
				D2A7DEEB2AF343940083E7F8 /* PBXTargetDependency */,
			);
			name = "Eventos TIUITests";
			productName = "Eventos TIUITests";
			productReference = D2A7DEE92AF343940083E7F8 /* Eventos TIUITests.xctest */;
			productType = "com.apple.product-type.bundle.ui-testing";
		};
/* End PBXNativeTarget section */

/* Begin PBXProject section */
		D2A7DEBE2AF343920083E7F8 /* Project object */ = {
			isa = PBXProject;
			attributes = {
				BuildIndependentTargetsInParallel = 1;
				LastSwiftUpdateCheck = 1500;
				LastUpgradeCheck = 1500;
				TargetAttributes = {
					D2A7DEC52AF343930083E7F8 = {
						CreatedOnToolsVersion = 15.0.1;
					};
					D2A7DEDE2AF343940083E7F8 = {
						CreatedOnToolsVersion = 15.0.1;
						TestTargetID = D2A7DEC52AF343930083E7F8;
					};
					D2A7DEE82AF343940083E7F8 = {
						CreatedOnToolsVersion = 15.0.1;
						TestTargetID = D2A7DEC52AF343930083E7F8;
					};
				};
			};
			buildConfigurationList = D2A7DEC12AF343920083E7F8 /* Build configuration list for PBXProject "Eventos TI" */;
			compatibilityVersion = "Xcode 14.0";
			developmentRegion = en;
			hasScannedForEncodings = 0;
			knownRegions = (
				en,
				Base,
				"pt-BR",
			);
			mainGroup = D2A7DEBD2AF343920083E7F8;
			productRefGroup = D2A7DEC72AF343930083E7F8 /* Products */;
			projectDirPath = "";
			projectRoot = "";
			targets = (
				D2A7DEC52AF343930083E7F8 /* Eventos TI */,
				D2A7DEDE2AF343940083E7F8 /* Eventos TITests */,
				D2A7DEE82AF343940083E7F8 /* Eventos TIUITests */,
			);
		};
/* End PBXProject section */

/* Begin PBXResourcesBuildPhase section */
		D2A7DEC42AF343930083E7F8 /* Resources */ = {
			isa = PBXResourcesBuildPhase;
			buildActionMask = 2147483647;
			files = (
				D2A7DED92AF343930083E7F8 /* LaunchScreen.storyboard in Resources */,
				D2167D792BFDAB540048CE43 /* Localizable.strings in Resources */,
				D28040A42C704F4E00D0CE32 /* SobreViewController.xib in Resources */,
				D2167D5F2BFD842A0048CE43 /* TableViewCell.xib in Resources */,
				D2A7DED62AF343930083E7F8 /* Assets.xcassets in Resources */,
				D2A7DED12AF343930083E7F8 /* Main.storyboard in Resources */,
				D26D6DAA2BEB408A007448A4 /* ListaEventosViewController.xib in Resources */,
				D2E90AC02C0586B400673F58 /* DetalhesEventoViewController.xib in Resources */,
			);
			runOnlyForDeploymentPostprocessing = 0;
		};
		D2A7DEDD2AF343940083E7F8 /* Resources */ = {
			isa = PBXResourcesBuildPhase;
			buildActionMask = 2147483647;
			files = (
			);
			runOnlyForDeploymentPostprocessing = 0;
		};
		D2A7DEE72AF343940083E7F8 /* Resources */ = {
			isa = PBXResourcesBuildPhase;
			buildActionMask = 2147483647;
			files = (
			);
			runOnlyForDeploymentPostprocessing = 0;
		};
/* End PBXResourcesBuildPhase section */

/* Begin PBXShellScriptBuildPhase section */
		012ED007AF87443C3128013F /* [CP] Check Pods Manifest.lock */ = {
			isa = PBXShellScriptBuildPhase;
			buildActionMask = 2147483647;
			files = (
			);
			inputFileListPaths = (
			);
			inputPaths = (
				"${PODS_PODFILE_DIR_PATH}/Podfile.lock",
				"${PODS_ROOT}/Manifest.lock",
			);
			name = "[CP] Check Pods Manifest.lock";
			outputFileListPaths = (
			);
			outputPaths = (
				"$(DERIVED_FILE_DIR)/Pods-Eventos TI-checkManifestLockResult.txt",
			);
			runOnlyForDeploymentPostprocessing = 0;
			shellPath = /bin/sh;
			shellScript = "diff \"${PODS_PODFILE_DIR_PATH}/Podfile.lock\" \"${PODS_ROOT}/Manifest.lock\" > /dev/null\nif [ $? != 0 ] ; then\n    # print error to STDERR\n    echo \"error: The sandbox is not in sync with the Podfile.lock. Run 'pod install' or update your CocoaPods installation.\" >&2\n    exit 1\nfi\n# This output is used by Xcode 'outputs' to avoid re-running this script phase.\necho \"SUCCESS\" > \"${SCRIPT_OUTPUT_FILE_0}\"\n";
			showEnvVarsInLog = 0;
		};
		1968B14C38CF9A4DFFCBBD15 /* [CP] Check Pods Manifest.lock */ = {
			isa = PBXShellScriptBuildPhase;
			buildActionMask = 2147483647;
			files = (
			);
			inputFileListPaths = (
			);
			inputPaths = (
				"${PODS_PODFILE_DIR_PATH}/Podfile.lock",
				"${PODS_ROOT}/Manifest.lock",
			);
			name = "[CP] Check Pods Manifest.lock";
			outputFileListPaths = (
			);
			outputPaths = (
				"$(DERIVED_FILE_DIR)/Pods-Eventos TITests-checkManifestLockResult.txt",
			);
			runOnlyForDeploymentPostprocessing = 0;
			shellPath = /bin/sh;
			shellScript = "diff \"${PODS_PODFILE_DIR_PATH}/Podfile.lock\" \"${PODS_ROOT}/Manifest.lock\" > /dev/null\nif [ $? != 0 ] ; then\n    # print error to STDERR\n    echo \"error: The sandbox is not in sync with the Podfile.lock. Run 'pod install' or update your CocoaPods installation.\" >&2\n    exit 1\nfi\n# This output is used by Xcode 'outputs' to avoid re-running this script phase.\necho \"SUCCESS\" > \"${SCRIPT_OUTPUT_FILE_0}\"\n";
			showEnvVarsInLog = 0;
		};
		5C527FD6D20B56FD22B79F36 /* [CP] Check Pods Manifest.lock */ = {
			isa = PBXShellScriptBuildPhase;
			buildActionMask = 2147483647;
			files = (
			);
			inputFileListPaths = (
			);
			inputPaths = (
				"${PODS_PODFILE_DIR_PATH}/Podfile.lock",
				"${PODS_ROOT}/Manifest.lock",
			);
			name = "[CP] Check Pods Manifest.lock";
			outputFileListPaths = (
			);
			outputPaths = (
				"$(DERIVED_FILE_DIR)/Pods-Eventos TI-Eventos TIUITests-checkManifestLockResult.txt",
			);
			runOnlyForDeploymentPostprocessing = 0;
			shellPath = /bin/sh;
			shellScript = "diff \"${PODS_PODFILE_DIR_PATH}/Podfile.lock\" \"${PODS_ROOT}/Manifest.lock\" > /dev/null\nif [ $? != 0 ] ; then\n    # print error to STDERR\n    echo \"error: The sandbox is not in sync with the Podfile.lock. Run 'pod install' or update your CocoaPods installation.\" >&2\n    exit 1\nfi\n# This output is used by Xcode 'outputs' to avoid re-running this script phase.\necho \"SUCCESS\" > \"${SCRIPT_OUTPUT_FILE_0}\"\n";
			showEnvVarsInLog = 0;
		};
		B4EC8174D3E826E818C9C310 /* [CP] Embed Pods Frameworks */ = {
			isa = PBXShellScriptBuildPhase;
			buildActionMask = 2147483647;
			files = (
			);
			inputFileListPaths = (
				"${PODS_ROOT}/Target Support Files/Pods-Eventos TI-Eventos TIUITests/Pods-Eventos TI-Eventos TIUITests-frameworks-${CONFIGURATION}-input-files.xcfilelist",
			);
			inputPaths = (
			);
			name = "[CP] Embed Pods Frameworks";
			outputFileListPaths = (
				"${PODS_ROOT}/Target Support Files/Pods-Eventos TI-Eventos TIUITests/Pods-Eventos TI-Eventos TIUITests-frameworks-${CONFIGURATION}-output-files.xcfilelist",
			);
			outputPaths = (
			);
			runOnlyForDeploymentPostprocessing = 0;
			shellPath = /bin/sh;
			shellScript = "\"${PODS_ROOT}/Target Support Files/Pods-Eventos TI-Eventos TIUITests/Pods-Eventos TI-Eventos TIUITests-frameworks.sh\"\n";
			showEnvVarsInLog = 0;
		};
		FDD5D9841FE2F4B765A88F57 /* [CP] Embed Pods Frameworks */ = {
			isa = PBXShellScriptBuildPhase;
			buildActionMask = 2147483647;
			files = (
			);
			inputFileListPaths = (
				"${PODS_ROOT}/Target Support Files/Pods-Eventos TI/Pods-Eventos TI-frameworks-${CONFIGURATION}-input-files.xcfilelist",
			);
			inputPaths = (
			);
			name = "[CP] Embed Pods Frameworks";
			outputFileListPaths = (
				"${PODS_ROOT}/Target Support Files/Pods-Eventos TI/Pods-Eventos TI-frameworks-${CONFIGURATION}-output-files.xcfilelist",
			);
			outputPaths = (
			);
			runOnlyForDeploymentPostprocessing = 0;
			shellPath = /bin/sh;
			shellScript = "\"${PODS_ROOT}/Target Support Files/Pods-Eventos TI/Pods-Eventos TI-frameworks.sh\"\n";
			showEnvVarsInLog = 0;
		};
/* End PBXShellScriptBuildPhase section */

/* Begin PBXSourcesBuildPhase section */
		D2A7DEC22AF343930083E7F8 /* Sources */ = {
			isa = PBXSourcesBuildPhase;
			buildActionMask = 2147483647;
			files = (
				D2167D742BFD9E9F0048CE43 /* DateConverter.swift in Sources */,
				D26D6DA92BEB408A007448A4 /* ListaEventosViewController.swift in Sources */,
				D2167D712BFD90E10048CE43 /* Resource.swift in Sources */,
				D2A7DECE2AF343930083E7F8 /* ViewController.swift in Sources */,
				D2A7DECA2AF343930083E7F8 /* AppDelegate.swift in Sources */,
				D2E90ABC2C0581D300673F58 /* ApiUrls.swift in Sources */,
				D26AA4822BFEED1C00C53A33 /* BaseViewController.swift in Sources */,
				D2E90ABF2C0586B400673F58 /* DetalhesEventoViewController.swift in Sources */,
				D297DF422D2F012A0069B508 /* TipoEvento.swift in Sources */,
				D2167D652BFD8AC90048CE43 /* EventoDelegate.swift in Sources */,
				D2167D6F2BFD8E330048CE43 /* EventoService.swift in Sources */,
				D26D6DAD2BEB414A007448A4 /* UIActivityIndicatorViewExtension.swift in Sources */,
				D2918D212C6DB04200718B4A /* UISearchBarExtension.swift in Sources */,
				D2A7DECC2AF343930083E7F8 /* SceneDelegate.swift in Sources */,
				D2167D5E2BFD842A0048CE43 /* TableViewCell.swift in Sources */,
				D2A7DED42AF343930083E7F8 /* Eventos_TI.xcdatamodeld in Sources */,
				D2BB09202BECA70B009E1395 /* CoreDataManager.swift in Sources */,
				D2167D6C2BFD8D970048CE43 /* EventoResponse.swift in Sources */,
				D2167D682BFD8C080048CE43 /* EventoRepository.swift in Sources */,
				D28040A32C704F4E00D0CE32 /* SobreViewController.swift in Sources */,
				D2167D622BFD8A5C0048CE43 /* EventoViewModel.swift in Sources */,
				D2FBA3A12C60727D00F742F0 /* UIViewExtension.swift in Sources */,
				D26FFAE92BE9EBB300C68661 /* Evento.swift in Sources */,
				D229704F2BEC7AB60066A7DB /* EventoDao.swift in Sources */,
			);
			runOnlyForDeploymentPostprocessing = 0;
		};
		D2A7DEDB2AF343940083E7F8 /* Sources */ = {
			isa = PBXSourcesBuildPhase;
			buildActionMask = 2147483647;
			files = (
				D2A7DEE42AF343940083E7F8 /* Eventos_TITests.swift in Sources */,
			);
			runOnlyForDeploymentPostprocessing = 0;
		};
		D2A7DEE52AF343940083E7F8 /* Sources */ = {
			isa = PBXSourcesBuildPhase;
			buildActionMask = 2147483647;
			files = (
				D2A7DEF02AF343940083E7F8 /* Eventos_TIUITestsLaunchTests.swift in Sources */,
				D2A7DEEE2AF343940083E7F8 /* Eventos_TIUITests.swift in Sources */,
			);
			runOnlyForDeploymentPostprocessing = 0;
		};
/* End PBXSourcesBuildPhase section */

/* Begin PBXTargetDependency section */
		D2A7DEE12AF343940083E7F8 /* PBXTargetDependency */ = {
			isa = PBXTargetDependency;
			target = D2A7DEC52AF343930083E7F8 /* Eventos TI */;
			targetProxy = D2A7DEE02AF343940083E7F8 /* PBXContainerItemProxy */;
		};
		D2A7DEEB2AF343940083E7F8 /* PBXTargetDependency */ = {
			isa = PBXTargetDependency;
			target = D2A7DEC52AF343930083E7F8 /* Eventos TI */;
			targetProxy = D2A7DEEA2AF343940083E7F8 /* PBXContainerItemProxy */;
		};
/* End PBXTargetDependency section */

/* Begin PBXVariantGroup section */
		D2167D772BFDAB540048CE43 /* Localizable.strings */ = {
			isa = PBXVariantGroup;
			children = (
				D2167D782BFDAB540048CE43 /* en */,
				D2167D7A2BFDAB6F0048CE43 /* pt-BR */,
			);
			name = Localizable.strings;
			sourceTree = "<group>";
		};
		D2A7DECF2AF343930083E7F8 /* Main.storyboard */ = {
			isa = PBXVariantGroup;
			children = (
				D2A7DED02AF343930083E7F8 /* Base */,
			);
			name = Main.storyboard;
			sourceTree = "<group>";
		};
		D2A7DED72AF343930083E7F8 /* LaunchScreen.storyboard */ = {
			isa = PBXVariantGroup;
			children = (
				D2A7DED82AF343930083E7F8 /* Base */,
			);
			name = LaunchScreen.storyboard;
			sourceTree = "<group>";
		};
/* End PBXVariantGroup section */

/* Begin XCBuildConfiguration section */
		D2A7DEF12AF343940083E7F8 /* Debug */ = {
			isa = XCBuildConfiguration;
			buildSettings = {
				ALWAYS_SEARCH_USER_PATHS = NO;
				ASSETCATALOG_COMPILER_GENERATE_SWIFT_ASSET_SYMBOL_EXTENSIONS = YES;
				CLANG_ANALYZER_LOCALIZABILITY_NONLOCALIZED = YES;
				CLANG_ANALYZER_NONNULL = YES;
				CLANG_ANALYZER_NUMBER_OBJECT_CONVERSION = YES_AGGRESSIVE;
				CLANG_CXX_LANGUAGE_STANDARD = "gnu++20";
				CLANG_ENABLE_MODULES = YES;
				CLANG_ENABLE_OBJC_ARC = YES;
				CLANG_ENABLE_OBJC_WEAK = YES;
				CLANG_WARN_BLOCK_CAPTURE_AUTORELEASING = YES;
				CLANG_WARN_BOOL_CONVERSION = YES;
				CLANG_WARN_COMMA = YES;
				CLANG_WARN_CONSTANT_CONVERSION = YES;
				CLANG_WARN_DEPRECATED_OBJC_IMPLEMENTATIONS = YES;
				CLANG_WARN_DIRECT_OBJC_ISA_USAGE = YES_ERROR;
				CLANG_WARN_DOCUMENTATION_COMMENTS = YES;
				CLANG_WARN_EMPTY_BODY = YES;
				CLANG_WARN_ENUM_CONVERSION = YES;
				CLANG_WARN_INFINITE_RECURSION = YES;
				CLANG_WARN_INT_CONVERSION = YES;
				CLANG_WARN_NON_LITERAL_NULL_CONVERSION = YES;
				CLANG_WARN_OBJC_IMPLICIT_RETAIN_SELF = YES;
				CLANG_WARN_OBJC_LITERAL_CONVERSION = YES;
				CLANG_WARN_OBJC_ROOT_CLASS = YES_ERROR;
				CLANG_WARN_QUOTED_INCLUDE_IN_FRAMEWORK_HEADER = YES;
				CLANG_WARN_RANGE_LOOP_ANALYSIS = YES;
				CLANG_WARN_STRICT_PROTOTYPES = YES;
				CLANG_WARN_SUSPICIOUS_MOVE = YES;
				CLANG_WARN_UNGUARDED_AVAILABILITY = YES_AGGRESSIVE;
				CLANG_WARN_UNREACHABLE_CODE = YES;
				CLANG_WARN__DUPLICATE_METHOD_MATCH = YES;
				COPY_PHASE_STRIP = NO;
				DEBUG_INFORMATION_FORMAT = dwarf;
				ENABLE_STRICT_OBJC_MSGSEND = YES;
				ENABLE_TESTABILITY = YES;
				ENABLE_USER_SCRIPT_SANDBOXING = NO;
				GCC_C_LANGUAGE_STANDARD = gnu17;
				GCC_DYNAMIC_NO_PIC = NO;
				GCC_NO_COMMON_BLOCKS = YES;
				GCC_OPTIMIZATION_LEVEL = 0;
				GCC_PREPROCESSOR_DEFINITIONS = (
					"DEBUG=1",
					"$(inherited)",
				);
				GCC_WARN_64_TO_32_BIT_CONVERSION = YES;
				GCC_WARN_ABOUT_RETURN_TYPE = YES_ERROR;
				GCC_WARN_UNDECLARED_SELECTOR = YES;
				GCC_WARN_UNINITIALIZED_AUTOS = YES_AGGRESSIVE;
				GCC_WARN_UNUSED_FUNCTION = YES;
				GCC_WARN_UNUSED_VARIABLE = YES;
				IPHONEOS_DEPLOYMENT_TARGET = 17.0;
				LOCALIZATION_PREFERS_STRING_CATALOGS = YES;
				MTL_ENABLE_DEBUG_INFO = INCLUDE_SOURCE;
				MTL_FAST_MATH = YES;
				ONLY_ACTIVE_ARCH = YES;
				SDKROOT = iphoneos;
				SWIFT_ACTIVE_COMPILATION_CONDITIONS = "DEBUG $(inherited)";
				SWIFT_OPTIMIZATION_LEVEL = "-Onone";
			};
			name = Debug;
		};
		D2A7DEF22AF343940083E7F8 /* Release */ = {
			isa = XCBuildConfiguration;
			buildSettings = {
				ALWAYS_SEARCH_USER_PATHS = NO;
				ASSETCATALOG_COMPILER_GENERATE_SWIFT_ASSET_SYMBOL_EXTENSIONS = YES;
				CLANG_ANALYZER_LOCALIZABILITY_NONLOCALIZED = YES;
				CLANG_ANALYZER_NONNULL = YES;
				CLANG_ANALYZER_NUMBER_OBJECT_CONVERSION = YES_AGGRESSIVE;
				CLANG_CXX_LANGUAGE_STANDARD = "gnu++20";
				CLANG_ENABLE_MODULES = YES;
				CLANG_ENABLE_OBJC_ARC = YES;
				CLANG_ENABLE_OBJC_WEAK = YES;
				CLANG_WARN_BLOCK_CAPTURE_AUTORELEASING = YES;
				CLANG_WARN_BOOL_CONVERSION = YES;
				CLANG_WARN_COMMA = YES;
				CLANG_WARN_CONSTANT_CONVERSION = YES;
				CLANG_WARN_DEPRECATED_OBJC_IMPLEMENTATIONS = YES;
				CLANG_WARN_DIRECT_OBJC_ISA_USAGE = YES_ERROR;
				CLANG_WARN_DOCUMENTATION_COMMENTS = YES;
				CLANG_WARN_EMPTY_BODY = YES;
				CLANG_WARN_ENUM_CONVERSION = YES;
				CLANG_WARN_INFINITE_RECURSION = YES;
				CLANG_WARN_INT_CONVERSION = YES;
				CLANG_WARN_NON_LITERAL_NULL_CONVERSION = YES;
				CLANG_WARN_OBJC_IMPLICIT_RETAIN_SELF = YES;
				CLANG_WARN_OBJC_LITERAL_CONVERSION = YES;
				CLANG_WARN_OBJC_ROOT_CLASS = YES_ERROR;
				CLANG_WARN_QUOTED_INCLUDE_IN_FRAMEWORK_HEADER = YES;
				CLANG_WARN_RANGE_LOOP_ANALYSIS = YES;
				CLANG_WARN_STRICT_PROTOTYPES = YES;
				CLANG_WARN_SUSPICIOUS_MOVE = YES;
				CLANG_WARN_UNGUARDED_AVAILABILITY = YES_AGGRESSIVE;
				CLANG_WARN_UNREACHABLE_CODE = YES;
				CLANG_WARN__DUPLICATE_METHOD_MATCH = YES;
				COPY_PHASE_STRIP = NO;
				DEBUG_INFORMATION_FORMAT = "dwarf-with-dsym";
				ENABLE_NS_ASSERTIONS = NO;
				ENABLE_STRICT_OBJC_MSGSEND = YES;
				ENABLE_USER_SCRIPT_SANDBOXING = NO;
				GCC_C_LANGUAGE_STANDARD = gnu17;
				GCC_NO_COMMON_BLOCKS = YES;
				GCC_WARN_64_TO_32_BIT_CONVERSION = YES;
				GCC_WARN_ABOUT_RETURN_TYPE = YES_ERROR;
				GCC_WARN_UNDECLARED_SELECTOR = YES;
				GCC_WARN_UNINITIALIZED_AUTOS = YES_AGGRESSIVE;
				GCC_WARN_UNUSED_FUNCTION = YES;
				GCC_WARN_UNUSED_VARIABLE = YES;
				IPHONEOS_DEPLOYMENT_TARGET = 17.0;
				LOCALIZATION_PREFERS_STRING_CATALOGS = YES;
				MTL_ENABLE_DEBUG_INFO = NO;
				MTL_FAST_MATH = YES;
				SDKROOT = iphoneos;
				SWIFT_COMPILATION_MODE = wholemodule;
				VALIDATE_PRODUCT = YES;
			};
			name = Release;
		};
		D2A7DEF42AF343940083E7F8 /* Debug */ = {
			isa = XCBuildConfiguration;
			baseConfigurationReference = 2CF93956339809DABD6E3B09 /* Pods-Eventos TI.debug.xcconfig */;
			buildSettings = {
				ASSETCATALOG_COMPILER_APPICON_NAME = AppIcon;
				ASSETCATALOG_COMPILER_GLOBAL_ACCENT_COLOR_NAME = AccentColor;
				CODE_SIGN_STYLE = Automatic;
				CURRENT_PROJECT_VERSION = 9;
				DEVELOPMENT_TEAM = FFSK8595GW;
				GENERATE_INFOPLIST_FILE = YES;
				INFOPLIST_FILE = "Eventos TI/Info.plist";
				INFOPLIST_KEY_UIApplicationSupportsIndirectInputEvents = YES;
				INFOPLIST_KEY_UILaunchStoryboardName = LaunchScreen;
				INFOPLIST_KEY_UIMainStoryboardFile = Main;
				INFOPLIST_KEY_UISupportedInterfaceOrientations_iPad = "UIInterfaceOrientationPortrait UIInterfaceOrientationPortraitUpsideDown UIInterfaceOrientationLandscapeLeft UIInterfaceOrientationLandscapeRight";
				INFOPLIST_KEY_UISupportedInterfaceOrientations_iPhone = "UIInterfaceOrientationPortrait UIInterfaceOrientationLandscapeLeft UIInterfaceOrientationLandscapeRight";
				LD_RUNPATH_SEARCH_PATHS = (
					"$(inherited)",
					"@executable_path/Frameworks",
				);
				MARKETING_VERSION = 1.2.6;
				PRODUCT_BUNDLE_IDENTIFIER = "br.com.salaoapp.Eventos-TI";
				PRODUCT_NAME = "$(TARGET_NAME)";
				SUPPORTED_PLATFORMS = "iphoneos iphonesimulator";
				SUPPORTS_MACCATALYST = NO;
				SUPPORTS_MAC_DESIGNED_FOR_IPHONE_IPAD = NO;
				SUPPORTS_XR_DESIGNED_FOR_IPHONE_IPAD = NO;
				SWIFT_EMIT_LOC_STRINGS = YES;
				SWIFT_VERSION = 5.0;
				TARGETED_DEVICE_FAMILY = "1,2";
			};
			name = Debug;
		};
		D2A7DEF52AF343940083E7F8 /* Release */ = {
			isa = XCBuildConfiguration;
			baseConfigurationReference = F60C7B8B1479318CA46DB47C /* Pods-Eventos TI.release.xcconfig */;
			buildSettings = {
				ASSETCATALOG_COMPILER_APPICON_NAME = AppIcon;
				ASSETCATALOG_COMPILER_GLOBAL_ACCENT_COLOR_NAME = AccentColor;
				CODE_SIGN_STYLE = Automatic;
				CURRENT_PROJECT_VERSION = 9;
				DEVELOPMENT_TEAM = FFSK8595GW;
				GENERATE_INFOPLIST_FILE = YES;
				INFOPLIST_FILE = "Eventos TI/Info.plist";
				INFOPLIST_KEY_UIApplicationSupportsIndirectInputEvents = YES;
				INFOPLIST_KEY_UILaunchStoryboardName = LaunchScreen;
				INFOPLIST_KEY_UIMainStoryboardFile = Main;
				INFOPLIST_KEY_UISupportedInterfaceOrientations_iPad = "UIInterfaceOrientationPortrait UIInterfaceOrientationPortraitUpsideDown UIInterfaceOrientationLandscapeLeft UIInterfaceOrientationLandscapeRight";
				INFOPLIST_KEY_UISupportedInterfaceOrientations_iPhone = "UIInterfaceOrientationPortrait UIInterfaceOrientationLandscapeLeft UIInterfaceOrientationLandscapeRight";
				LD_RUNPATH_SEARCH_PATHS = (
					"$(inherited)",
					"@executable_path/Frameworks",
				);
				MARKETING_VERSION = 1.2.6;
				PRODUCT_BUNDLE_IDENTIFIER = "br.com.salaoapp.Eventos-TI";
				PRODUCT_NAME = "$(TARGET_NAME)";
				SUPPORTED_PLATFORMS = "iphoneos iphonesimulator";
				SUPPORTS_MACCATALYST = NO;
				SUPPORTS_MAC_DESIGNED_FOR_IPHONE_IPAD = NO;
				SUPPORTS_XR_DESIGNED_FOR_IPHONE_IPAD = NO;
				SWIFT_EMIT_LOC_STRINGS = YES;
				SWIFT_VERSION = 5.0;
				TARGETED_DEVICE_FAMILY = "1,2";
			};
			name = Release;
		};
		D2A7DEF72AF343940083E7F8 /* Debug */ = {
			isa = XCBuildConfiguration;
			baseConfigurationReference = 997D56A0FD618EE6FB5FFB10 /* Pods-Eventos TITests.debug.xcconfig */;
			buildSettings = {
				ALWAYS_EMBED_SWIFT_STANDARD_LIBRARIES = YES;
				BUNDLE_LOADER = "$(TEST_HOST)";
				CODE_SIGN_STYLE = Automatic;
				CURRENT_PROJECT_VERSION = 1;
				DEVELOPMENT_TEAM = FFSK8595GW;
				GENERATE_INFOPLIST_FILE = YES;
				IPHONEOS_DEPLOYMENT_TARGET = 17.0;
				MARKETING_VERSION = 1.0;
				PRODUCT_BUNDLE_IDENTIFIER = "br.com.salaoapp.Eventos-TITests";
				PRODUCT_NAME = "$(TARGET_NAME)";
				SWIFT_EMIT_LOC_STRINGS = NO;
				SWIFT_VERSION = 5.0;
				TARGETED_DEVICE_FAMILY = "1,2";
				TEST_HOST = "$(BUILT_PRODUCTS_DIR)/Eventos TI.app/$(BUNDLE_EXECUTABLE_FOLDER_PATH)/Eventos TI";
			};
			name = Debug;
		};
		D2A7DEF82AF343940083E7F8 /* Release */ = {
			isa = XCBuildConfiguration;
			baseConfigurationReference = C75AF84B67E1481B8CF9A3C3 /* Pods-Eventos TITests.release.xcconfig */;
			buildSettings = {
				ALWAYS_EMBED_SWIFT_STANDARD_LIBRARIES = YES;
				BUNDLE_LOADER = "$(TEST_HOST)";
				CODE_SIGN_STYLE = Automatic;
				CURRENT_PROJECT_VERSION = 1;
				DEVELOPMENT_TEAM = FFSK8595GW;
				GENERATE_INFOPLIST_FILE = YES;
				IPHONEOS_DEPLOYMENT_TARGET = 17.0;
				MARKETING_VERSION = 1.0;
				PRODUCT_BUNDLE_IDENTIFIER = "br.com.salaoapp.Eventos-TITests";
				PRODUCT_NAME = "$(TARGET_NAME)";
				SWIFT_EMIT_LOC_STRINGS = NO;
				SWIFT_VERSION = 5.0;
				TARGETED_DEVICE_FAMILY = "1,2";
				TEST_HOST = "$(BUILT_PRODUCTS_DIR)/Eventos TI.app/$(BUNDLE_EXECUTABLE_FOLDER_PATH)/Eventos TI";
			};
			name = Release;
		};
		D2A7DEFA2AF343940083E7F8 /* Debug */ = {
			isa = XCBuildConfiguration;
			baseConfigurationReference = A50443E5FDF20AF25334F328 /* Pods-Eventos TI-Eventos TIUITests.debug.xcconfig */;
			buildSettings = {
				ALWAYS_EMBED_SWIFT_STANDARD_LIBRARIES = YES;
				CODE_SIGN_STYLE = Automatic;
				CURRENT_PROJECT_VERSION = 1;
				DEVELOPMENT_TEAM = FFSK8595GW;
				GENERATE_INFOPLIST_FILE = YES;
				MARKETING_VERSION = 1.0;
				PRODUCT_BUNDLE_IDENTIFIER = "br.com.salaoapp.Eventos-TIUITests";
				PRODUCT_NAME = "$(TARGET_NAME)";
				SWIFT_EMIT_LOC_STRINGS = NO;
				SWIFT_VERSION = 5.0;
				TARGETED_DEVICE_FAMILY = "1,2";
				TEST_TARGET_NAME = "Eventos TI";
			};
			name = Debug;
		};
		D2A7DEFB2AF343940083E7F8 /* Release */ = {
			isa = XCBuildConfiguration;
			baseConfigurationReference = 46C468EEC53AAA63D04635C7 /* Pods-Eventos TI-Eventos TIUITests.release.xcconfig */;
			buildSettings = {
				ALWAYS_EMBED_SWIFT_STANDARD_LIBRARIES = YES;
				CODE_SIGN_STYLE = Automatic;
				CURRENT_PROJECT_VERSION = 1;
				DEVELOPMENT_TEAM = FFSK8595GW;
				GENERATE_INFOPLIST_FILE = YES;
				MARKETING_VERSION = 1.0;
				PRODUCT_BUNDLE_IDENTIFIER = "br.com.salaoapp.Eventos-TIUITests";
				PRODUCT_NAME = "$(TARGET_NAME)";
				SWIFT_EMIT_LOC_STRINGS = NO;
				SWIFT_VERSION = 5.0;
				TARGETED_DEVICE_FAMILY = "1,2";
				TEST_TARGET_NAME = "Eventos TI";
			};
			name = Release;
		};
/* End XCBuildConfiguration section */

/* Begin XCConfigurationList section */
		D2A7DEC12AF343920083E7F8 /* Build configuration list for PBXProject "Eventos TI" */ = {
			isa = XCConfigurationList;
			buildConfigurations = (
				D2A7DEF12AF343940083E7F8 /* Debug */,
				D2A7DEF22AF343940083E7F8 /* Release */,
			);
			defaultConfigurationIsVisible = 0;
			defaultConfigurationName = Release;
		};
		D2A7DEF32AF343940083E7F8 /* Build configuration list for PBXNativeTarget "Eventos TI" */ = {
			isa = XCConfigurationList;
			buildConfigurations = (
				D2A7DEF42AF343940083E7F8 /* Debug */,
				D2A7DEF52AF343940083E7F8 /* Release */,
			);
			defaultConfigurationIsVisible = 0;
			defaultConfigurationName = Release;
		};
		D2A7DEF62AF343940083E7F8 /* Build configuration list for PBXNativeTarget "Eventos TITests" */ = {
			isa = XCConfigurationList;
			buildConfigurations = (
				D2A7DEF72AF343940083E7F8 /* Debug */,
				D2A7DEF82AF343940083E7F8 /* Release */,
			);
			defaultConfigurationIsVisible = 0;
			defaultConfigurationName = Release;
		};
		D2A7DEF92AF343940083E7F8 /* Build configuration list for PBXNativeTarget "Eventos TIUITests" */ = {
			isa = XCConfigurationList;
			buildConfigurations = (
				D2A7DEFA2AF343940083E7F8 /* Debug */,
				D2A7DEFB2AF343940083E7F8 /* Release */,
			);
			defaultConfigurationIsVisible = 0;
			defaultConfigurationName = Release;
		};
/* End XCConfigurationList section */

/* Begin XCVersionGroup section */
		D2A7DED22AF343930083E7F8 /* Eventos_TI.xcdatamodeld */ = {
			isa = XCVersionGroup;
			children = (
				D2A7DED32AF343930083E7F8 /* Eventos_TI.xcdatamodel */,
			);
			currentVersion = D2A7DED32AF343930083E7F8 /* Eventos_TI.xcdatamodel */;
			path = Eventos_TI.xcdatamodeld;
			sourceTree = "<group>";
			versionGroupType = wrapper.xcdatamodel;
		};
/* End XCVersionGroup section */
	};
	rootObject = D2A7DEBE2AF343920083E7F8 /* Project object */;
}
